
Microsoft Visual Studio Solution File, Format Version 12.00
# Visual Studio 15
VisualStudioVersion = 15.0.27428.2015
MinimumVisualStudioVersion = 10.0.40219.1
Project("{FAE04EC0-301F-11D3-BF4B-00C04F79EFBC}") = "InsetLabelExample", "InsetLabelExample\InsetLabelExample.csproj", "{47B5D065-EDBD-4493-B912-BA838DCC4ABD}"
EndProject
Global
	GlobalSection(SolutionConfigurationPlatforms) = preSolution
		Debug|Any CPU = Debug|Any CPU
		Release|Any CPU = Release|Any CPU
	EndGlobalSection
	GlobalSection(ProjectConfigurationPlatforms) = postSolution
		{47B5D065-EDBD-4493-B912-BA838DCC4ABD}.Debug|Any CPU.ActiveCfg = Debug|Any CPU
		{47B5D065-EDBD-4493-B912-BA838DCC4ABD}.Debug|Any CPU.Build.0 = Debug|Any CPU
		{47B5D065-EDBD-4493-B912-BA838DCC4ABD}.Release|Any CPU.ActiveCfg = Release|Any CPU
		{47B5D065-EDBD-4493-B912-BA838DCC4ABD}.Release|Any CPU.Build.0 = Release|Any CPU
	EndGlobalSection
	GlobalSection(SolutionProperties) = preSolution
		HideSolutionNode = FALSE
	EndGlobalSection
	GlobalSection(ExtensibilityGlobals) = postSolution
		SolutionGuid = {D9DED783-25C4-42FE-BAB4-1539D650246D}
	EndGlobalSection
EndGlobal
